{
  "version": 4,
  "terraform_version": "1.1.8",
  "serial": 3,
  "lineage": "dbea1ffe-55b2-63cd-e692-e221ad759d15",
  "outputs": {},
  "resources": [
    {
      "mode": "managed",
      "type": "aws_s3_bucket",
      "name": "platzi-backend",
      "provider": "provider[\"registry.terraform.io/hashicorp/aws\"]",
      "instances": [
        {
          "schema_version": 0,
          "attributes": {
            "acceleration_status": "",
            "acl": "private",
            "arn": "arn:aws:s3:::ispm-backend-terraform-platzi",
            "bucket": "ispm-backend-terraform-platzi",
            "bucket_domain_name": "ispm-backend-terraform-platzi.s3.amazonaws.com",
            "bucket_prefix": null,
            "bucket_regional_domain_name": "ispm-backend-terraform-platzi.s3.us-east-2.amazonaws.com",
            "cors_rule": [],
            "force_destroy": false,
            "grant": [
              {
                "id": "41e0c0617bd6793af8375084d0e1ce5e9b811a4e87aa4aeaba8e85afef53b04b",
                "permissions": [
                  "FULL_CONTROL"
                ],
                "type": "CanonicalUser",
                "uri": ""
              }
            ],
            "hosted_zone_id": "Z2O1EMRO9K5GLX",
            "id": "ispm-backend-terraform-platzi",
            "lifecycle_rule": [],
            "logging": [],
            "object_lock_configuration": [],
            "object_lock_enabled": false,
            "policy": "",
            "region": "us-east-2",
            "replication_configuration": [],
            "request_payer": "BucketOwner",
            "server_side_encryption_configuration": [],
            "tags": {
              "CreatedBy": "terrafor",
              "Environment": "Dev"
            },
            "tags_all": {
              "CreatedBy": "terrafor",
              "Environment": "Dev"
            },
            "versioning": [
              {
                "enabled": false,
                "mfa_delete": false
              }
            ],
            "website": [],
            "website_domain": null,
            "website_endpoint": null
          },
          "sensitive_attributes": [],
          "private": "bnVsbA=="
        }
      ]
    }
  ]
}
