{
  "version": 4,
  "terraform_version": "1.1.8",
  "serial": 472,
  "lineage": "d6fd2448-9397-afb5-b9f5-84693fee4539",
  "outputs": {
    "application_access": {
      "value": [
        {
          "grafana": {
            "application_access": {
              "grafana-dev-0ujq": "172.17.0.2:3101",
              "grafana-dev-wohr": "172.17.0.3:3100"
            }
          },
          "influxdb": {
            "application_access": {
              "influxdb-dev-6yo1": "172.17.0.6:8187",
              "influxdb-dev-xjvr": "172.17.0.4:8186"
            }
          },
          "nodered": {
            "application_access": {
              "nodered-dev-hyw3": "172.17.0.5:1980"
            }
          }
        }
      ],
      "type": [
        "tuple",
        [
          [
            "object",
            {
              "grafana": [
                "object",
                {
                  "application_access": [
                    "object",
                    {
                      "grafana-dev-0ujq": "string",
                      "grafana-dev-wohr": "string"
                    }
                  ]
                }
              ],
              "influxdb": [
                "object",
                {
                  "application_access": [
                    "object",
                    {
                      "influxdb-dev-6yo1": "string",
                      "influxdb-dev-xjvr": "string"
                    }
                  ]
                }
              ],
              "nodered": [
                "object",
                {
                  "application_access": [
                    "object",
                    {
                      "nodered-dev-hyw3": "string"
                    }
                  ]
                }
              ]
            }
          ]
        ]
      ]
    }
  },
  "resources": [
    {
      "module": "module.container[\"grafana\"]",
      "mode": "managed",
      "type": "docker_container",
      "name": "app_container",
      "provider": "provider[\"registry.terraform.io/kreuzwerker/docker\"]",
      "instances": [
        {
          "index_key": 0,
          "schema_version": 2,
          "attributes": {
            "attach": false,
            "bridge": "",
            "capabilities": [],
            "command": [],
            "container_logs": null,
            "cpu_set": "",
            "cpu_shares": 0,
            "destroy_grace_seconds": null,
            "devices": [],
            "dns": [],
            "dns_opts": [],
            "dns_search": [],
            "domainname": "",
            "entrypoint": [
              "/run.sh"
            ],
            "env": [],
            "exit_code": null,
            "gateway": "172.17.0.1",
            "group_add": [],
            "healthcheck": [],
            "host": [],
            "hostname": "acce141856ab",
            "id": "acce141856ab1801957d1dc772946e3265e1a5619e629588e00b43cfab69b7fe",
            "image": "sha256:607c08c01b889dd2d85345f7874414b1886bdfdc57fd329564102dcae6e57e30",
            "init": false,
            "ip_address": "172.17.0.3",
            "ip_prefix_length": 16,
            "ipc_mode": "private",
            "labels": [],
            "links": [],
            "log_driver": "json-file",
            "log_opts": {},
            "logs": false,
            "max_retry_count": 0,
            "memory": 0,
            "memory_swap": 0,
            "mounts": [],
            "must_run": true,
            "name": "grafana-dev-wohr",
            "network_alias": null,
            "network_data": [
              {
                "gateway": "172.17.0.1",
                "global_ipv6_address": "",
                "global_ipv6_prefix_length": 0,
                "ip_address": "172.17.0.3",
                "ip_prefix_length": 16,
                "ipv6_gateway": "",
                "network_name": "bridge"
              }
            ],
            "network_mode": "default",
            "networks": null,
            "networks_advanced": [],
            "pid_mode": "",
            "ports": [
              {
                "external": 3100,
                "internal": 3000,
                "ip": "0.0.0.0",
                "protocol": "tcp"
              }
            ],
            "privileged": false,
            "publish_all_ports": false,
            "read_only": false,
            "remove_volumes": true,
            "restart": "no",
            "rm": false,
            "security_opts": [],
            "shm_size": 64,
            "start": true,
            "stdin_open": false,
            "storage_opts": {},
            "sysctls": {},
            "tmpfs": {},
            "tty": false,
            "ulimit": [],
            "upload": [],
            "user": "472",
            "userns_mode": "",
            "volumes": [
              {
                "container_path": "/etc/grafana",
                "from_container": "",
                "host_path": "",
                "read_only": false,
                "volume_name": "grafana-dev-wohr-volume-1"
              },
              {
                "container_path": "/var/lib/grafana",
                "from_container": "",
                "host_path": "",
                "read_only": false,
                "volume_name": "grafana-dev-wohr-volume-0"
              }
            ],
            "working_dir": "/usr/share/grafana"
          },
          "sensitive_attributes": [],
          "private": "eyJzY2hlbWFfdmVyc2lvbiI6IjIifQ==",
          "dependencies": [
            "module.container.module.volume.docker_volume.container_volume",
            "module.container.random_string.random",
            "module.image.docker_image.container_image"
          ]
        },
        {
          "index_key": 1,
          "schema_version": 2,
          "attributes": {
            "attach": false,
            "bridge": "",
            "capabilities": [],
            "command": [],
            "container_logs": null,
            "cpu_set": "",
            "cpu_shares": 0,
            "destroy_grace_seconds": null,
            "devices": [],
            "dns": [],
            "dns_opts": [],
            "dns_search": [],
            "domainname": "",
            "entrypoint": [
              "/run.sh"
            ],
            "env": [],
            "exit_code": null,
            "gateway": "172.17.0.1",
            "group_add": [],
            "healthcheck": [],
            "host": [],
            "hostname": "cb3207c9528b",
            "id": "cb3207c9528b2742c79e410f3c818eba9f9b0d4082a0ee3a2a585615cb3ca926",
            "image": "sha256:607c08c01b889dd2d85345f7874414b1886bdfdc57fd329564102dcae6e57e30",
            "init": false,
            "ip_address": "172.17.0.2",
            "ip_prefix_length": 16,
            "ipc_mode": "private",
            "labels": [],
            "links": [],
            "log_driver": "json-file",
            "log_opts": {},
            "logs": false,
            "max_retry_count": 0,
            "memory": 0,
            "memory_swap": 0,
            "mounts": [],
            "must_run": true,
            "name": "grafana-dev-0ujq",
            "network_alias": null,
            "network_data": [
              {
                "gateway": "172.17.0.1",
                "global_ipv6_address": "",
                "global_ipv6_prefix_length": 0,
                "ip_address": "172.17.0.2",
                "ip_prefix_length": 16,
                "ipv6_gateway": "",
                "network_name": "bridge"
              }
            ],
            "network_mode": "default",
            "networks": null,
            "networks_advanced": [],
            "pid_mode": "",
            "ports": [
              {
                "external": 3101,
                "internal": 3000,
                "ip": "0.0.0.0",
                "protocol": "tcp"
              }
            ],
            "privileged": false,
            "publish_all_ports": false,
            "read_only": false,
            "remove_volumes": true,
            "restart": "no",
            "rm": false,
            "security_opts": [],
            "shm_size": 64,
            "start": true,
            "stdin_open": false,
            "storage_opts": {},
            "sysctls": {},
            "tmpfs": {},
            "tty": false,
            "ulimit": [],
            "upload": [],
            "user": "472",
            "userns_mode": "",
            "volumes": [
              {
                "container_path": "/etc/grafana",
                "from_container": "",
                "host_path": "",
                "read_only": false,
                "volume_name": "grafana-dev-0ujq-volume-1"
              },
              {
                "container_path": "/var/lib/grafana",
                "from_container": "",
                "host_path": "",
                "read_only": false,
                "volume_name": "grafana-dev-0ujq-volume-0"
              }
            ],
            "working_dir": "/usr/share/grafana"
          },
          "sensitive_attributes": [],
          "private": "eyJzY2hlbWFfdmVyc2lvbiI6IjIifQ==",
          "dependencies": [
            "module.container.module.volume.docker_volume.container_volume",
            "module.container.random_string.random",
            "module.image.docker_image.container_image"
          ]
        }
      ]
    },
    {
      "module": "module.container[\"grafana\"]",
      "mode": "managed",
      "type": "random_string",
      "name": "random",
      "provider": "provider[\"registry.terraform.io/hashicorp/random\"]",
      "instances": [
        {
          "index_key": 0,
          "schema_version": 1,
          "attributes": {
            "id": "wohr",
            "keepers": null,
            "length": 4,
            "lower": true,
            "min_lower": 0,
            "min_numeric": 0,
            "min_special": 0,
            "min_upper": 0,
            "number": true,
            "override_special": null,
            "result": "wohr",
            "special": false,
            "upper": false
          },
          "sensitive_attributes": [],
          "private": "eyJzY2hlbWFfdmVyc2lvbiI6IjEifQ=="
        },
        {
          "index_key": 1,
          "schema_version": 1,
          "attributes": {
            "id": "0ujq",
            "keepers": null,
            "length": 4,
            "lower": true,
            "min_lower": 0,
            "min_numeric": 0,
            "min_special": 0,
            "min_upper": 0,
            "number": true,
            "override_special": null,
            "result": "0ujq",
            "special": false,
            "upper": false
          },
          "sensitive_attributes": [],
          "private": "eyJzY2hlbWFfdmVyc2lvbiI6IjEifQ=="
        }
      ]
    },
    {
      "module": "module.container[\"grafana\"].module.volume[0]",
      "mode": "managed",
      "type": "docker_volume",
      "name": "container_volume",
      "provider": "provider[\"registry.terraform.io/kreuzwerker/docker\"]",
      "instances": [
        {
          "index_key": 0,
          "schema_version": 1,
          "attributes": {
            "driver": "local",
            "driver_opts": {},
            "id": "grafana-dev-wohr-volume-0",
            "labels": [],
            "mountpoint": "/var/lib/docker/volumes/grafana-dev-wohr-volume-0/_data",
            "name": "grafana-dev-wohr-volume-0"
          },
          "sensitive_attributes": [],
          "private": "eyJzY2hlbWFfdmVyc2lvbiI6IjEifQ==",
          "dependencies": [
            "module.container.random_string.random"
          ]
        },
        {
          "index_key": 1,
          "schema_version": 1,
          "attributes": {
            "driver": "local",
            "driver_opts": {},
            "id": "grafana-dev-wohr-volume-1",
            "labels": [],
            "mountpoint": "/var/lib/docker/volumes/grafana-dev-wohr-volume-1/_data",
            "name": "grafana-dev-wohr-volume-1"
          },
          "sensitive_attributes": [],
          "private": "eyJzY2hlbWFfdmVyc2lvbiI6IjEifQ==",
          "dependencies": [
            "module.container.random_string.random"
          ]
        }
      ]
    },
    {
      "module": "module.container[\"grafana\"].module.volume[1]",
      "mode": "managed",
      "type": "docker_volume",
      "name": "container_volume",
      "provider": "provider[\"registry.terraform.io/kreuzwerker/docker\"]",
      "instances": [
        {
          "index_key": 0,
          "schema_version": 1,
          "attributes": {
            "driver": "local",
            "driver_opts": {},
            "id": "grafana-dev-0ujq-volume-0",
            "labels": [],
            "mountpoint": "/var/lib/docker/volumes/grafana-dev-0ujq-volume-0/_data",
            "name": "grafana-dev-0ujq-volume-0"
          },
          "sensitive_attributes": [],
          "private": "eyJzY2hlbWFfdmVyc2lvbiI6IjEifQ==",
          "dependencies": [
            "module.container.random_string.random"
          ]
        },
        {
          "index_key": 1,
          "schema_version": 1,
          "attributes": {
            "driver": "local",
            "driver_opts": {},
            "id": "grafana-dev-0ujq-volume-1",
            "labels": [],
            "mountpoint": "/var/lib/docker/volumes/grafana-dev-0ujq-volume-1/_data",
            "name": "grafana-dev-0ujq-volume-1"
          },
          "sensitive_attributes": [],
          "private": "eyJzY2hlbWFfdmVyc2lvbiI6IjEifQ==",
          "dependencies": [
            "module.container.random_string.random"
          ]
        }
      ]
    },
    {
      "module": "module.container[\"influxdb\"]",
      "mode": "managed",
      "type": "docker_container",
      "name": "app_container",
      "provider": "provider[\"registry.terraform.io/kreuzwerker/docker\"]",
      "instances": [
        {
          "index_key": 0,
          "schema_version": 2,
          "attributes": {
            "attach": false,
            "bridge": "",
            "capabilities": [],
            "command": [
              "influxd"
            ],
            "container_logs": null,
            "cpu_set": "",
            "cpu_shares": 0,
            "destroy_grace_seconds": null,
            "devices": [],
            "dns": null,
            "dns_opts": null,
            "dns_search": null,
            "domainname": "",
            "entrypoint": [
              "/entrypoint.sh"
            ],
            "env": [],
            "exit_code": null,
            "gateway": "172.17.0.1",
            "group_add": null,
            "healthcheck": null,
            "host": [],
            "hostname": "8a186d436079",
            "id": "8a186d436079f8e6e50dc88396dbbd9b2058d51201ff508d8ae291255640c6e7",
            "image": "sha256:86516adf96b152e8da1b29827a54930cd58667596bd643cd298e55189c3c131e",
            "init": false,
            "ip_address": "172.17.0.4",
            "ip_prefix_length": 16,
            "ipc_mode": "private",
            "labels": [],
            "links": null,
            "log_driver": "json-file",
            "log_opts": null,
            "logs": false,
            "max_retry_count": 0,
            "memory": 0,
            "memory_swap": 0,
            "mounts": [],
            "must_run": true,
            "name": "influxdb-dev-xjvr",
            "network_alias": null,
            "network_data": [
              {
                "gateway": "172.17.0.1",
                "global_ipv6_address": "",
                "global_ipv6_prefix_length": 0,
                "ip_address": "172.17.0.4",
                "ip_prefix_length": 16,
                "ipv6_gateway": "",
                "network_name": "bridge"
              }
            ],
            "network_mode": "default",
            "networks": null,
            "networks_advanced": [],
            "pid_mode": "",
            "ports": [
              {
                "external": 8186,
                "internal": 8086,
                "ip": "0.0.0.0",
                "protocol": "tcp"
              }
            ],
            "privileged": false,
            "publish_all_ports": false,
            "read_only": false,
            "remove_volumes": true,
            "restart": "no",
            "rm": false,
            "security_opts": [],
            "shm_size": 64,
            "start": true,
            "stdin_open": false,
            "storage_opts": null,
            "sysctls": null,
            "tmpfs": null,
            "tty": false,
            "ulimit": [],
            "upload": [],
            "user": "",
            "userns_mode": "",
            "volumes": [
              {
                "container_path": "/var/lib/influxdb",
                "from_container": "",
                "host_path": "",
                "read_only": null,
                "volume_name": "influxdb-dev-xjvr-volume-0"
              }
            ],
            "working_dir": ""
          },
          "sensitive_attributes": [],
          "private": "eyJzY2hlbWFfdmVyc2lvbiI6IjIifQ==",
          "dependencies": [
            "module.container.module.volume.docker_volume.container_volume",
            "module.container.random_string.random",
            "module.image.docker_image.container_image"
          ]
        },
        {
          "index_key": 1,
          "schema_version": 2,
          "attributes": {
            "attach": false,
            "bridge": "",
            "capabilities": [],
            "command": [
              "influxd"
            ],
            "container_logs": null,
            "cpu_set": "",
            "cpu_shares": 0,
            "destroy_grace_seconds": null,
            "devices": [],
            "dns": null,
            "dns_opts": null,
            "dns_search": null,
            "domainname": "",
            "entrypoint": [
              "/entrypoint.sh"
            ],
            "env": [],
            "exit_code": null,
            "gateway": "172.17.0.1",
            "group_add": null,
            "healthcheck": null,
            "host": [],
            "hostname": "aaaa0511f834",
            "id": "aaaa0511f834b1341e6ba101642ca06d1b6f7c3f886ca7498c44c7e9c425cbb6",
            "image": "sha256:86516adf96b152e8da1b29827a54930cd58667596bd643cd298e55189c3c131e",
            "init": false,
            "ip_address": "172.17.0.6",
            "ip_prefix_length": 16,
            "ipc_mode": "private",
            "labels": [],
            "links": null,
            "log_driver": "json-file",
            "log_opts": null,
            "logs": false,
            "max_retry_count": 0,
            "memory": 0,
            "memory_swap": 0,
            "mounts": [],
            "must_run": true,
            "name": "influxdb-dev-6yo1",
            "network_alias": null,
            "network_data": [
              {
                "gateway": "172.17.0.1",
                "global_ipv6_address": "",
                "global_ipv6_prefix_length": 0,
                "ip_address": "172.17.0.6",
                "ip_prefix_length": 16,
                "ipv6_gateway": "",
                "network_name": "bridge"
              }
            ],
            "network_mode": "default",
            "networks": null,
            "networks_advanced": [],
            "pid_mode": "",
            "ports": [
              {
                "external": 8187,
                "internal": 8086,
                "ip": "0.0.0.0",
                "protocol": "tcp"
              }
            ],
            "privileged": false,
            "publish_all_ports": false,
            "read_only": false,
            "remove_volumes": true,
            "restart": "no",
            "rm": false,
            "security_opts": [],
            "shm_size": 64,
            "start": true,
            "stdin_open": false,
            "storage_opts": null,
            "sysctls": null,
            "tmpfs": null,
            "tty": false,
            "ulimit": [],
            "upload": [],
            "user": "",
            "userns_mode": "",
            "volumes": [
              {
                "container_path": "/var/lib/influxdb",
                "from_container": "",
                "host_path": "",
                "read_only": null,
                "volume_name": "influxdb-dev-6yo1-volume-0"
              }
            ],
            "working_dir": ""
          },
          "sensitive_attributes": [],
          "private": "eyJzY2hlbWFfdmVyc2lvbiI6IjIifQ==",
          "dependencies": [
            "module.container.module.volume.docker_volume.container_volume",
            "module.container.random_string.random",
            "module.image.docker_image.container_image"
          ]
        }
      ]
    },
    {
      "module": "module.container[\"influxdb\"]",
      "mode": "managed",
      "type": "random_string",
      "name": "random",
      "provider": "provider[\"registry.terraform.io/hashicorp/random\"]",
      "instances": [
        {
          "index_key": 0,
          "schema_version": 1,
          "attributes": {
            "id": "xjvr",
            "keepers": null,
            "length": 4,
            "lower": true,
            "min_lower": 0,
            "min_numeric": 0,
            "min_special": 0,
            "min_upper": 0,
            "number": true,
            "override_special": null,
            "result": "xjvr",
            "special": false,
            "upper": false
          },
          "sensitive_attributes": [],
          "private": "eyJzY2hlbWFfdmVyc2lvbiI6IjEifQ=="
        },
        {
          "index_key": 1,
          "schema_version": 1,
          "attributes": {
            "id": "6yo1",
            "keepers": null,
            "length": 4,
            "lower": true,
            "min_lower": 0,
            "min_numeric": 0,
            "min_special": 0,
            "min_upper": 0,
            "number": true,
            "override_special": null,
            "result": "6yo1",
            "special": false,
            "upper": false
          },
          "sensitive_attributes": [],
          "private": "eyJzY2hlbWFfdmVyc2lvbiI6IjEifQ=="
        }
      ]
    },
    {
      "module": "module.container[\"influxdb\"].module.volume[0]",
      "mode": "managed",
      "type": "docker_volume",
      "name": "container_volume",
      "provider": "provider[\"registry.terraform.io/kreuzwerker/docker\"]",
      "instances": [
        {
          "index_key": 0,
          "schema_version": 1,
          "attributes": {
            "driver": "local",
            "driver_opts": null,
            "id": "influxdb-dev-xjvr-volume-0",
            "labels": [],
            "mountpoint": "/var/lib/docker/volumes/influxdb-dev-xjvr-volume-0/_data",
            "name": "influxdb-dev-xjvr-volume-0"
          },
          "sensitive_attributes": [],
          "private": "eyJzY2hlbWFfdmVyc2lvbiI6IjEifQ==",
          "dependencies": [
            "module.container.random_string.random"
          ]
        }
      ]
    },
    {
      "module": "module.container[\"influxdb\"].module.volume[1]",
      "mode": "managed",
      "type": "docker_volume",
      "name": "container_volume",
      "provider": "provider[\"registry.terraform.io/kreuzwerker/docker\"]",
      "instances": [
        {
          "index_key": 0,
          "schema_version": 1,
          "attributes": {
            "driver": "local",
            "driver_opts": null,
            "id": "influxdb-dev-6yo1-volume-0",
            "labels": [],
            "mountpoint": "/var/lib/docker/volumes/influxdb-dev-6yo1-volume-0/_data",
            "name": "influxdb-dev-6yo1-volume-0"
          },
          "sensitive_attributes": [],
          "private": "eyJzY2hlbWFfdmVyc2lvbiI6IjEifQ==",
          "dependencies": [
            "module.container.random_string.random"
          ]
        }
      ]
    },
    {
      "module": "module.container[\"nodered\"]",
      "mode": "managed",
      "type": "docker_container",
      "name": "app_container",
      "provider": "provider[\"registry.terraform.io/kreuzwerker/docker\"]",
      "instances": [
        {
          "index_key": 0,
          "schema_version": 2,
          "attributes": {
            "attach": false,
            "bridge": "",
            "capabilities": [],
            "command": [],
            "container_logs": null,
            "cpu_set": "",
            "cpu_shares": 0,
            "destroy_grace_seconds": null,
            "devices": [],
            "dns": null,
            "dns_opts": null,
            "dns_search": null,
            "domainname": "",
            "entrypoint": [
              "npm",
              "--no-update-notifier",
              "--no-fund",
              "start",
              "--cache",
              "/data/.npm",
              "--",
              "--userDir",
              "/data"
            ],
            "env": [],
            "exit_code": null,
            "gateway": "172.17.0.1",
            "group_add": null,
            "healthcheck": [
              {
                "interval": "0s",
                "retries": 0,
                "start_period": "0s",
                "test": [
                  "CMD-SHELL",
                  "node /healthcheck.js"
                ],
                "timeout": "0s"
              }
            ],
            "host": [],
            "hostname": "4e4b515152c3",
            "id": "4e4b515152c33e47d94f1361d15af064c26d88a59864814d453ab9f5736c4331",
            "image": "sha256:91af009300c3dac600686a225a6e14a4fb3946b2397b19a6cd02f7b8686eec49",
            "init": false,
            "ip_address": "172.17.0.5",
            "ip_prefix_length": 16,
            "ipc_mode": "private",
            "labels": [],
            "links": null,
            "log_driver": "json-file",
            "log_opts": null,
            "logs": false,
            "max_retry_count": 0,
            "memory": 0,
            "memory_swap": 0,
            "mounts": [],
            "must_run": true,
            "name": "nodered-dev-hyw3",
            "network_alias": null,
            "network_data": [
              {
                "gateway": "172.17.0.1",
                "global_ipv6_address": "",
                "global_ipv6_prefix_length": 0,
                "ip_address": "172.17.0.5",
                "ip_prefix_length": 16,
                "ipv6_gateway": "",
                "network_name": "bridge"
              }
            ],
            "network_mode": "default",
            "networks": null,
            "networks_advanced": [],
            "pid_mode": "",
            "ports": [
              {
                "external": 1980,
                "internal": 1880,
                "ip": "0.0.0.0",
                "protocol": "tcp"
              }
            ],
            "privileged": false,
            "publish_all_ports": false,
            "read_only": false,
            "remove_volumes": true,
            "restart": "no",
            "rm": false,
            "security_opts": [],
            "shm_size": 64,
            "start": true,
            "stdin_open": false,
            "storage_opts": null,
            "sysctls": null,
            "tmpfs": null,
            "tty": false,
            "ulimit": [],
            "upload": [],
            "user": "node-red",
            "userns_mode": "",
            "volumes": [
              {
                "container_path": "/data",
                "from_container": "",
                "host_path": "",
                "read_only": null,
                "volume_name": "nodered-dev-hyw3-volume-0"
              }
            ],
            "working_dir": "/usr/src/node-red"
          },
          "sensitive_attributes": [],
          "private": "eyJzY2hlbWFfdmVyc2lvbiI6IjIifQ==",
          "dependencies": [
            "module.container.module.volume.docker_volume.container_volume",
            "module.container.random_string.random",
            "module.image.docker_image.container_image"
          ]
        }
      ]
    },
    {
      "module": "module.container[\"nodered\"]",
      "mode": "managed",
      "type": "random_string",
      "name": "random",
      "provider": "provider[\"registry.terraform.io/hashicorp/random\"]",
      "instances": [
        {
          "index_key": 0,
          "schema_version": 1,
          "attributes": {
            "id": "hyw3",
            "keepers": null,
            "length": 4,
            "lower": true,
            "min_lower": 0,
            "min_numeric": 0,
            "min_special": 0,
            "min_upper": 0,
            "number": true,
            "override_special": null,
            "result": "hyw3",
            "special": false,
            "upper": false
          },
          "sensitive_attributes": [],
          "private": "eyJzY2hlbWFfdmVyc2lvbiI6IjEifQ=="
        }
      ]
    },
    {
      "module": "module.container[\"nodered\"].module.volume[0]",
      "mode": "managed",
      "type": "docker_volume",
      "name": "container_volume",
      "provider": "provider[\"registry.terraform.io/kreuzwerker/docker\"]",
      "instances": [
        {
          "index_key": 0,
          "schema_version": 1,
          "attributes": {
            "driver": "local",
            "driver_opts": null,
            "id": "nodered-dev-hyw3-volume-0",
            "labels": [],
            "mountpoint": "/var/lib/docker/volumes/nodered-dev-hyw3-volume-0/_data",
            "name": "nodered-dev-hyw3-volume-0"
          },
          "sensitive_attributes": [],
          "private": "eyJzY2hlbWFfdmVyc2lvbiI6IjEifQ==",
          "dependencies": [
            "module.container.random_string.random"
          ]
        }
      ]
    },
    {
      "module": "module.image[\"grafana\"]",
      "mode": "managed",
      "type": "docker_image",
      "name": "container_image",
      "provider": "provider[\"registry.terraform.io/kreuzwerker/docker\"]",
      "instances": [
        {
          "schema_version": 0,
          "attributes": {
            "build": [],
            "force_remove": null,
            "id": "sha256:607c08c01b889dd2d85345f7874414b1886bdfdc57fd329564102dcae6e57e30grafana/grafana:latest",
            "keep_locally": null,
            "latest": "sha256:607c08c01b889dd2d85345f7874414b1886bdfdc57fd329564102dcae6e57e30",
            "name": "grafana/grafana:latest",
            "output": null,
            "pull_trigger": null,
            "pull_triggers": null,
            "repo_digest": "grafana/grafana@sha256:ddc19d30cb86eb300ed64ecf1aa5e71af5381696297fab55d26a02e3bf0f05cd"
          },
          "sensitive_attributes": [],
          "private": "bnVsbA=="
        }
      ]
    },
    {
      "module": "module.image[\"influxdb\"]",
      "mode": "managed",
      "type": "docker_image",
      "name": "container_image",
      "provider": "provider[\"registry.terraform.io/kreuzwerker/docker\"]",
      "instances": [
        {
          "schema_version": 0,
          "attributes": {
            "build": [],
            "force_remove": null,
            "id": "sha256:86516adf96b152e8da1b29827a54930cd58667596bd643cd298e55189c3c131equay.io/influxdb/influxdb:v2.0.2",
            "keep_locally": null,
            "latest": "sha256:86516adf96b152e8da1b29827a54930cd58667596bd643cd298e55189c3c131e",
            "name": "quay.io/influxdb/influxdb:v2.0.2",
            "output": null,
            "pull_trigger": null,
            "pull_triggers": null,
            "repo_digest": "quay.io/influxdb/influxdb@sha256:5d61520c6b3b8d77240398b32aeed34b3246fcc46e435bcd87bc09351bb6c295"
          },
          "sensitive_attributes": [],
          "private": "bnVsbA=="
        }
      ]
    },
    {
      "module": "module.image[\"nodered\"]",
      "mode": "managed",
      "type": "docker_image",
      "name": "container_image",
      "provider": "provider[\"registry.terraform.io/kreuzwerker/docker\"]",
      "instances": [
        {
          "schema_version": 0,
          "attributes": {
            "build": [],
            "force_remove": null,
            "id": "sha256:91af009300c3dac600686a225a6e14a4fb3946b2397b19a6cd02f7b8686eec49nodered/node-red:latest",
            "keep_locally": null,
            "latest": "sha256:91af009300c3dac600686a225a6e14a4fb3946b2397b19a6cd02f7b8686eec49",
            "name": "nodered/node-red:latest",
            "output": null,
            "pull_trigger": null,
            "pull_triggers": null,
            "repo_digest": "nodered/node-red@sha256:e131dcadfe9297fa8f24233d7ab65b9f116439c868b01cee4c18adef9d9db0a5"
          },
          "sensitive_attributes": [],
          "private": "bnVsbA=="
        }
      ]
    }
  ]
}
